
Microsoft Visual Studio Solution File, Format Version 12.00
# Visual Studio Version 16
VisualStudioVersion = 16.0.31729.503
MinimumVisualStudioVersion = 10.0.40219.1
Project("{9A19103F-16F7-4668-BE54-9A1E7A4F7556}") = "MeshSharp", "MeshSharp\MeshSharp.csproj", "{3F391F00-A310-4681-BE94-15329D662A3D}"
EndProject
Project("{2150E333-8FDC-42A3-9474-1A3956D46DE8}") = "Solution Items", "Solution Items", "{DA7FF092-3DA1-4942-9FF6-B42F1CDBD0C6}"
	ProjectSection(SolutionItems) = preProject
		.editorconfig = .editorconfig
		.gitignore = .gitignore
		LICENSE = LICENSE
		README.md = README.md
	EndProjectSection
EndProject
Project("{9A19103F-16F7-4668-BE54-9A1E7A4F7556}") = "MeshSharp.FBX", "MeshSharp.FBX\MeshSharp.FBX.csproj", "{FE3E6007-BC34-4E40-9C65-5FA5274AA3AA}"
EndProject
Project("{9A19103F-16F7-4668-BE54-9A1E7A4F7556}") = "MeshSharp.Examples", "MeshSharp.Examples\MeshSharp.Examples.csproj", "{55281519-37E7-42BC-B467-9D3CED013C23}"
EndProject
Project("{9A19103F-16F7-4668-BE54-9A1E7A4F7556}") = "MeshSharp.Tests", "MeshSharp.Tests\MeshSharp.Tests.csproj", "{0DC52F2F-8232-430F-B0C9-B207F64254D7}"
EndProject
Project("{2150E333-8FDC-42A3-9474-1A3956D46DE8}") = ".github", ".github", "{006DAC54-BEE3-4878-900F-4E698B519501}"
EndProject
Project("{2150E333-8FDC-42A3-9474-1A3956D46DE8}") = "workflows", "workflows", "{FF66D7A6-6DCE-41DE-B30F-492988B2DF63}"
	ProjectSection(SolutionItems) = preProject
		.github\workflows\build_n_test.yml = .github\workflows\build_n_test.yml
	EndProjectSection
EndProject
Project("{9A19103F-16F7-4668-BE54-9A1E7A4F7556}") = "MeshSharp.OBJ", "MeshSharp.OBJ\MeshSharp.OBJ.csproj", "{64101EC3-7763-43B8-ACFC-2C61CA3920FB}"
EndProject
Global
	GlobalSection(SolutionConfigurationPlatforms) = preSolution
		Debug|Any CPU = Debug|Any CPU
		Release|Any CPU = Release|Any CPU
	EndGlobalSection
	GlobalSection(ProjectConfigurationPlatforms) = postSolution
		{3F391F00-A310-4681-BE94-15329D662A3D}.Debug|Any CPU.ActiveCfg = Debug|Any CPU
		{3F391F00-A310-4681-BE94-15329D662A3D}.Debug|Any CPU.Build.0 = Debug|Any CPU
		{3F391F00-A310-4681-BE94-15329D662A3D}.Release|Any CPU.ActiveCfg = Release|Any CPU
		{3F391F00-A310-4681-BE94-15329D662A3D}.Release|Any CPU.Build.0 = Release|Any CPU
		{FE3E6007-BC34-4E40-9C65-5FA5274AA3AA}.Debug|Any CPU.ActiveCfg = Debug|Any CPU
		{FE3E6007-BC34-4E40-9C65-5FA5274AA3AA}.Debug|Any CPU.Build.0 = Debug|Any CPU
		{FE3E6007-BC34-4E40-9C65-5FA5274AA3AA}.Release|Any CPU.ActiveCfg = Release|Any CPU
		{FE3E6007-BC34-4E40-9C65-5FA5274AA3AA}.Release|Any CPU.Build.0 = Release|Any CPU
		{55281519-37E7-42BC-B467-9D3CED013C23}.Debug|Any CPU.ActiveCfg = Debug|Any CPU
		{55281519-37E7-42BC-B467-9D3CED013C23}.Debug|Any CPU.Build.0 = Debug|Any CPU
		{55281519-37E7-42BC-B467-9D3CED013C23}.Release|Any CPU.ActiveCfg = Release|Any CPU
		{55281519-37E7-42BC-B467-9D3CED013C23}.Release|Any CPU.Build.0 = Release|Any CPU
		{0DC52F2F-8232-430F-B0C9-B207F64254D7}.Debug|Any CPU.ActiveCfg = Debug|Any CPU
		{0DC52F2F-8232-430F-B0C9-B207F64254D7}.Debug|Any CPU.Build.0 = Debug|Any CPU
		{0DC52F2F-8232-430F-B0C9-B207F64254D7}.Release|Any CPU.ActiveCfg = Release|Any CPU
		{0DC52F2F-8232-430F-B0C9-B207F64254D7}.Release|Any CPU.Build.0 = Release|Any CPU
		{64101EC3-7763-43B8-ACFC-2C61CA3920FB}.Debug|Any CPU.ActiveCfg = Debug|Any CPU
		{64101EC3-7763-43B8-ACFC-2C61CA3920FB}.Debug|Any CPU.Build.0 = Debug|Any CPU
		{64101EC3-7763-43B8-ACFC-2C61CA3920FB}.Release|Any CPU.ActiveCfg = Release|Any CPU
		{64101EC3-7763-43B8-ACFC-2C61CA3920FB}.Release|Any CPU.Build.0 = Release|Any CPU
	EndGlobalSection
	GlobalSection(SolutionProperties) = preSolution
		HideSolutionNode = FALSE
	EndGlobalSection
	GlobalSection(NestedProjects) = preSolution
		{006DAC54-BEE3-4878-900F-4E698B519501} = {DA7FF092-3DA1-4942-9FF6-B42F1CDBD0C6}
		{FF66D7A6-6DCE-41DE-B30F-492988B2DF63} = {006DAC54-BEE3-4878-900F-4E698B519501}
	EndGlobalSection
	GlobalSection(ExtensibilityGlobals) = postSolution
		SolutionGuid = {B96D2DF1-9226-4CEE-BF70-43C8318F59DC}
	EndGlobalSection
EndGlobal
